
Microsoft Visual Studio Solution File, Format Version 12.00
# Visual Studio Version 17
VisualStudioVersion = 17.5.001.0
MinimumVisualStudioVersion = 10.0.40219.1
Project("{2150E333-8FDC-42A3-9474-1A3956D46DE8}") = "CGO_Buoi01", "CGO_Buoi01", "{04D06720-68CF-4939-B04D-40870BBE12C1}"
EndProject
Project("{9A19103F-16F7-4668-BE54-9A1E7A4F7556}") = "HienThiLoiChao", "CGO_Buoi01\HienThiLoiChao\HienThiLoiChao.csproj", "{5B9C01BC-9F15-4407-BBEC-9FF15F0FDD25}"
EndProject
Project("{9A19103F-16F7-4668-BE54-9A1E7A4F7556}") = "HienThiThoiGianCuaHeThong", "CGO_Buoi01\HienThiThoiGianCuaHeThong\HienThiThoiGianCuaHeThong.csproj", "{6D66F917-BFDD-4DB2-BC83-4517F56986B8}"
EndProject
Project("{9A19103F-16F7-4668-BE54-9A1E7A4F7556}") = "SuDungToanTu", "CGO_Buoi01\SuDungToanTu\SuDungToanTu.csproj", "{B33701CC-8351-4480-A689-1007CAD5F90F}"
EndProject
Project("{9A19103F-16F7-4668-BE54-9A1E7A4F7556}") = "UngDungChuyenDoiTienTe", "CGO_Buoi01\UngDungChuyenDoiTienTe\UngDungChuyenDoiTienTe.csproj", "{3787FB55-0F6E-40AE-805B-52C4416A46FA}"
EndProject
Project("{2150E333-8FDC-42A3-9474-1A3956D46DE8}") = "CGO_Buoi02", "CGO_Buoi02", "{5216E49D-1254-4AD3-9026-7BF035BC7A33}"
EndProject
Project("{9A19103F-16F7-4668-BE54-9A1E7A4F7556}") = "GiaiPhuongTrinhBacNhat", "CGO_Buoi02\GiaiPhuongTrinhBacNhat\GiaiPhuongTrinhBacNhat.csproj", "{1763ABDF-0BE3-4F12-9797-334629F34AE3}"
EndProject
Project("{9A19103F-16F7-4668-BE54-9A1E7A4F7556}") = "TinhChiSoCanNangCuaCoThe", "CGO_Buoi02\TinhChiSoCanNangCuaCoThe\TinhChiSoCanNangCuaCoThe.csproj", "{A334B6D5-107B-4500-800D-470F4C635E15}"
EndProject
Project("{9A19103F-16F7-4668-BE54-9A1E7A4F7556}") = "UngDungDocSoThanhChu", "CGO_Buoi02\UngDungDocSoThanhChu\UngDungDocSoThanhChu.csproj", "{43BFF872-C183-414B-B5A8-622DDDC6EB9D}"
EndProject
Project("{2150E333-8FDC-42A3-9474-1A3956D46DE8}") = "CGO_Buoi03", "CGO_Buoi03", "{F7437EB8-A7DA-480E-B38C-166C4358B535}"
EndProject
Project("{9A19103F-16F7-4668-BE54-9A1E7A4F7556}") = "CheckPrimes", "CGO_Buoi03\CheckPrimes\CheckPrimes.csproj", "{AA27883D-AFE4-4253-8241-8BFAB023F1FB}"
EndProject
Project("{9A19103F-16F7-4668-BE54-9A1E7A4F7556}") = "DisplayImgs", "CGO_Buoi03\DisplayImgs\DisplayImgs.csproj", "{4DE92E9D-FEC5-48F5-BB12-A4BE6D001D8C}"
EndProject
Project("{9A19103F-16F7-4668-BE54-9A1E7A4F7556}") = "MenuDesign", "CGO_Buoi03\MenuDesign\MenuDesign.csproj", "{AC17127E-F1FD-4DC4-A7C4-6106FD60FEC7}"
EndProject
Global
	GlobalSection(SolutionConfigurationPlatforms) = preSolution
		Debug|Any CPU = Debug|Any CPU
		Release|Any CPU = Release|Any CPU
	EndGlobalSection
	GlobalSection(ProjectConfigurationPlatforms) = postSolution
		{5B9C01BC-9F15-4407-BBEC-9FF15F0FDD25}.Debug|Any CPU.ActiveCfg = Debug|Any CPU
		{5B9C01BC-9F15-4407-BBEC-9FF15F0FDD25}.Debug|Any CPU.Build.0 = Debug|Any CPU
		{5B9C01BC-9F15-4407-BBEC-9FF15F0FDD25}.Release|Any CPU.ActiveCfg = Release|Any CPU
		{5B9C01BC-9F15-4407-BBEC-9FF15F0FDD25}.Release|Any CPU.Build.0 = Release|Any CPU
		{6D66F917-BFDD-4DB2-BC83-4517F56986B8}.Debug|Any CPU.ActiveCfg = Debug|Any CPU
		{6D66F917-BFDD-4DB2-BC83-4517F56986B8}.Debug|Any CPU.Build.0 = Debug|Any CPU
		{6D66F917-BFDD-4DB2-BC83-4517F56986B8}.Release|Any CPU.ActiveCfg = Release|Any CPU
		{6D66F917-BFDD-4DB2-BC83-4517F56986B8}.Release|Any CPU.Build.0 = Release|Any CPU
		{B33701CC-8351-4480-A689-1007CAD5F90F}.Debug|Any CPU.ActiveCfg = Debug|Any CPU
		{B33701CC-8351-4480-A689-1007CAD5F90F}.Debug|Any CPU.Build.0 = Debug|Any CPU
		{B33701CC-8351-4480-A689-1007CAD5F90F}.Release|Any CPU.ActiveCfg = Release|Any CPU
		{B33701CC-8351-4480-A689-1007CAD5F90F}.Release|Any CPU.Build.0 = Release|Any CPU
		{3787FB55-0F6E-40AE-805B-52C4416A46FA}.Debug|Any CPU.ActiveCfg = Debug|Any CPU
		{3787FB55-0F6E-40AE-805B-52C4416A46FA}.Debug|Any CPU.Build.0 = Debug|Any CPU
		{3787FB55-0F6E-40AE-805B-52C4416A46FA}.Release|Any CPU.ActiveCfg = Release|Any CPU
		{3787FB55-0F6E-40AE-805B-52C4416A46FA}.Release|Any CPU.Build.0 = Release|Any CPU
		{1763ABDF-0BE3-4F12-9797-334629F34AE3}.Debug|Any CPU.ActiveCfg = Debug|Any CPU
		{1763ABDF-0BE3-4F12-9797-334629F34AE3}.Debug|Any CPU.Build.0 = Debug|Any CPU
		{1763ABDF-0BE3-4F12-9797-334629F34AE3}.Release|Any CPU.ActiveCfg = Release|Any CPU
		{1763ABDF-0BE3-4F12-9797-334629F34AE3}.Release|Any CPU.Build.0 = Release|Any CPU
		{A334B6D5-107B-4500-800D-470F4C635E15}.Debug|Any CPU.ActiveCfg = Debug|Any CPU
		{A334B6D5-107B-4500-800D-470F4C635E15}.Debug|Any CPU.Build.0 = Debug|Any CPU
		{A334B6D5-107B-4500-800D-470F4C635E15}.Release|Any CPU.ActiveCfg = Release|Any CPU
		{A334B6D5-107B-4500-800D-470F4C635E15}.Release|Any CPU.Build.0 = Release|Any CPU
		{43BFF872-C183-414B-B5A8-622DDDC6EB9D}.Debug|Any CPU.ActiveCfg = Debug|Any CPU
		{43BFF872-C183-414B-B5A8-622DDDC6EB9D}.Debug|Any CPU.Build.0 = Debug|Any CPU
		{43BFF872-C183-414B-B5A8-622DDDC6EB9D}.Release|Any CPU.ActiveCfg = Release|Any CPU
		{43BFF872-C183-414B-B5A8-622DDDC6EB9D}.Release|Any CPU.Build.0 = Release|Any CPU
		{AA27883D-AFE4-4253-8241-8BFAB023F1FB}.Debug|Any CPU.ActiveCfg = Debug|Any CPU
		{AA27883D-AFE4-4253-8241-8BFAB023F1FB}.Debug|Any CPU.Build.0 = Debug|Any CPU
		{AA27883D-AFE4-4253-8241-8BFAB023F1FB}.Release|Any CPU.ActiveCfg = Release|Any CPU
		{AA27883D-AFE4-4253-8241-8BFAB023F1FB}.Release|Any CPU.Build.0 = Release|Any CPU
		{4DE92E9D-FEC5-48F5-BB12-A4BE6D001D8C}.Debug|Any CPU.ActiveCfg = Debug|Any CPU
		{4DE92E9D-FEC5-48F5-BB12-A4BE6D001D8C}.Debug|Any CPU.Build.0 = Debug|Any CPU
		{4DE92E9D-FEC5-48F5-BB12-A4BE6D001D8C}.Release|Any CPU.ActiveCfg = Release|Any CPU
		{4DE92E9D-FEC5-48F5-BB12-A4BE6D001D8C}.Release|Any CPU.Build.0 = Release|Any CPU
		{AC17127E-F1FD-4DC4-A7C4-6106FD60FEC7}.Debug|Any CPU.ActiveCfg = Debug|Any CPU
		{AC17127E-F1FD-4DC4-A7C4-6106FD60FEC7}.Debug|Any CPU.Build.0 = Debug|Any CPU
		{AC17127E-F1FD-4DC4-A7C4-6106FD60FEC7}.Release|Any CPU.ActiveCfg = Release|Any CPU
		{AC17127E-F1FD-4DC4-A7C4-6106FD60FEC7}.Release|Any CPU.Build.0 = Release|Any CPU
	EndGlobalSection
	GlobalSection(SolutionProperties) = preSolution
		HideSolutionNode = FALSE
	EndGlobalSection
	GlobalSection(NestedProjects) = preSolution
		{5B9C01BC-9F15-4407-BBEC-9FF15F0FDD25} = {04D06720-68CF-4939-B04D-40870BBE12C1}
		{6D66F917-BFDD-4DB2-BC83-4517F56986B8} = {04D06720-68CF-4939-B04D-40870BBE12C1}
		{B33701CC-8351-4480-A689-1007CAD5F90F} = {04D06720-68CF-4939-B04D-40870BBE12C1}
		{3787FB55-0F6E-40AE-805B-52C4416A46FA} = {04D06720-68CF-4939-B04D-40870BBE12C1}
		{1763ABDF-0BE3-4F12-9797-334629F34AE3} = {5216E49D-1254-4AD3-9026-7BF035BC7A33}
		{A334B6D5-107B-4500-800D-470F4C635E15} = {5216E49D-1254-4AD3-9026-7BF035BC7A33}
		{43BFF872-C183-414B-B5A8-622DDDC6EB9D} = {5216E49D-1254-4AD3-9026-7BF035BC7A33}
		{AA27883D-AFE4-4253-8241-8BFAB023F1FB} = {F7437EB8-A7DA-480E-B38C-166C4358B535}
		{4DE92E9D-FEC5-48F5-BB12-A4BE6D001D8C} = {F7437EB8-A7DA-480E-B38C-166C4358B535}
		{AC17127E-F1FD-4DC4-A7C4-6106FD60FEC7} = {F7437EB8-A7DA-480E-B38C-166C4358B535}
	EndGlobalSection
	GlobalSection(ExtensibilityGlobals) = postSolution
		SolutionGuid = {C16960B3-A162-4CEF-B998-A1DD2DA7AACB}
	EndGlobalSection
EndGlobal
